// !$*UTF8*$!
{
	archiveVersion = 1;
	classes = {
	};
	objectVersion = 77;
	objects = {

/* Begin PBXContainerItemProxy section */
		269242EE2CB1C14400BCECA7 /* PBXContainerItemProxy */ = {
			isa = PBXContainerItemProxy;
			containerPortal = 269242D32CB1C14200BCECA7 /* Project object */;
			proxyType = 1;
			remoteGlobalIDString = 269242DA2CB1C14200BCECA7;
			remoteInfo = DiaryAha;
		};
		269242F82CB1C14400BCECA7 /* PBXContainerItemProxy */ = {
			isa = PBXContainerItemProxy;
			containerPortal = 269242D32CB1C14200BCECA7 /* Project object */;
			proxyType = 1;
			remoteGlobalIDString = 269242DA2CB1C14200BCECA7;
			remoteInfo = DiaryAha;
		};
/* End PBXContainerItemProxy section */

/* Begin PBXFileReference section */
		269242DB2CB1C14200BCECA7 /* Diary Aha!.app */ = {isa = PBXFileReference; explicitFileType = wrapper.application; includeInIndex = 0; path = "Diary Aha!.app"; sourceTree = BUILT_PRODUCTS_DIR; };
		269242ED2CB1C14400BCECA7 /* DiaryAhaTests.xctest */ = {isa = PBXFileReference; explicitFileType = wrapper.cfbundle; includeInIndex = 0; path = DiaryAhaTests.xctest; sourceTree = BUILT_PRODUCTS_DIR; };
		269242F72CB1C14400BCECA7 /* DiaryAhaUITests.xctest */ = {isa = PBXFileReference; explicitFileType = wrapper.cfbundle; includeInIndex = 0; path = DiaryAhaUITests.xctest; sourceTree = BUILT_PRODUCTS_DIR; };
/* End PBXFileReference section */

/* Begin PBXFileSystemSynchronizedBuildFileExceptionSet section */
		26516FEB2CC68CC2006724C9 /* Exceptions for "DiaryAha" folder in "DiaryAha" target */ = {
			isa = PBXFileSystemSynchronizedBuildFileExceptionSet;
			membershipExceptions = (
				Info.plist,
			);
			target = 269242DA2CB1C14200BCECA7 /* DiaryAha */;
		};
/* End PBXFileSystemSynchronizedBuildFileExceptionSet section */

/* Begin PBXFileSystemSynchronizedRootGroup section */
		269242DD2CB1C14200BCECA7 /* DiaryAha */ = {
			isa = PBXFileSystemSynchronizedRootGroup;
			exceptions = (
				26516FEB2CC68CC2006724C9 /* Exceptions for "DiaryAha" folder in "DiaryAha" target */,
			);
			path = DiaryAha;
			sourceTree = "<group>";
		};
		269242F02CB1C14400BCECA7 /* DiaryAhaTests */ = {
			isa = PBXFileSystemSynchronizedRootGroup;
			path = DiaryAhaTests;
			sourceTree = "<group>";
		};
		269242FA2CB1C14400BCECA7 /* DiaryAhaUITests */ = {
			isa = PBXFileSystemSynchronizedRootGroup;
			path = DiaryAhaUITests;
			sourceTree = "<group>";
		};
/* End PBXFileSystemSynchronizedRootGroup section */

/* Begin PBXFrameworksBuildPhase section */
		269242D82CB1C14200BCECA7 /* Frameworks */ = {
			isa = PBXFrameworksBuildPhase;
			buildActionMask = 2147483647;
			files = (
			);
			runOnlyForDeploymentPostprocessing = 0;
		};
		269242EA2CB1C14400BCECA7 /* Frameworks */ = {
			isa = PBXFrameworksBuildPhase;
			buildActionMask = 2147483647;
			files = (
			);
			runOnlyForDeploymentPostprocessing = 0;
		};
		269242F42CB1C14400BCECA7 /* Frameworks */ = {
			isa = PBXFrameworksBuildPhase;
			buildActionMask = 2147483647;
			files = (
			);
			runOnlyForDeploymentPostprocessing = 0;
		};
/* End PBXFrameworksBuildPhase section */

/* Begin PBXGroup section */
		269242D22CB1C14200BCECA7 = {
			isa = PBXGroup;
			children = (
				269242DD2CB1C14200BCECA7 /* DiaryAha */,
				269242F02CB1C14400BCECA7 /* DiaryAhaTests */,
				269242FA2CB1C14400BCECA7 /* DiaryAhaUITests */,
				269242DC2CB1C14200BCECA7 /* Products */,
			);
			sourceTree = "<group>";
		};
		269242DC2CB1C14200BCECA7 /* Products */ = {
			isa = PBXGroup;
			children = (
				269242DB2CB1C14200BCECA7 /* Diary Aha!.app */,
				269242ED2CB1C14400BCECA7 /* DiaryAhaTests.xctest */,
				269242F72CB1C14400BCECA7 /* DiaryAhaUITests.xctest */,
			);
			name = Products;
			sourceTree = "<group>";
		};
/* End PBXGroup section */

/* Begin PBXNativeTarget section */
		269242DA2CB1C14200BCECA7 /* DiaryAha */ = {
			isa = PBXNativeTarget;
			buildConfigurationList = 269243012CB1C14400BCECA7 /* Build configuration list for PBXNativeTarget "DiaryAha" */;
			buildPhases = (
				269242D72CB1C14200BCECA7 /* Sources */,
				269242D82CB1C14200BCECA7 /* Frameworks */,
				269242D92CB1C14200BCECA7 /* Resources */,
			);
			buildRules = (
			);
			dependencies = (
			);
			fileSystemSynchronizedGroups = (
				269242DD2CB1C14200BCECA7 /* DiaryAha */,
			);
			name = DiaryAha;
			packageProductDependencies = (
			);
			productName = DiaryAha;
			productReference = 269242DB2CB1C14200BCECA7 /* Diary Aha!.app */;
			productType = "com.apple.product-type.application";
		};
		269242EC2CB1C14400BCECA7 /* DiaryAhaTests */ = {
			isa = PBXNativeTarget;
			buildConfigurationList = 269243042CB1C14400BCECA7 /* Build configuration list for PBXNativeTarget "DiaryAhaTests" */;
			buildPhases = (
				269242E92CB1C14400BCECA7 /* Sources */,
				269242EA2CB1C14400BCECA7 /* Frameworks */,
				269242EB2CB1C14400BCECA7 /* Resources */,
			);
			buildRules = (
			);
			dependencies = (
				269242EF2CB1C14400BCECA7 /* PBXTargetDependency */,
			);
			fileSystemSynchronizedGroups = (
				269242F02CB1C14400BCECA7 /* DiaryAhaTests */,
			);
			name = DiaryAhaTests;
			packageProductDependencies = (
			);
			productName = DiaryAhaTests;
			productReference = 269242ED2CB1C14400BCECA7 /* DiaryAhaTests.xctest */;
			productType = "com.apple.product-type.bundle.unit-test";
		};
		269242F62CB1C14400BCECA7 /* DiaryAhaUITests */ = {
			isa = PBXNativeTarget;
			buildConfigurationList = 269243072CB1C14400BCECA7 /* Build configuration list for PBXNativeTarget "DiaryAhaUITests" */;
			buildPhases = (
				269242F32CB1C14400BCECA7 /* Sources */,
				269242F42CB1C14400BCECA7 /* Frameworks */,
				269242F52CB1C14400BCECA7 /* Resources */,
			);
			buildRules = (
			);
			dependencies = (
				269242F92CB1C14400BCECA7 /* PBXTargetDependency */,
			);
			fileSystemSynchronizedGroups = (
				269242FA2CB1C14400BCECA7 /* DiaryAhaUITests */,
			);
			name = DiaryAhaUITests;
			packageProductDependencies = (
			);
			productName = DiaryAhaUITests;
			productReference = 269242F72CB1C14400BCECA7 /* DiaryAhaUITests.xctest */;
			productType = "com.apple.product-type.bundle.ui-testing";
		};
/* End PBXNativeTarget section */

/* Begin PBXProject section */
		269242D32CB1C14200BCECA7 /* Project object */ = {
			isa = PBXProject;
			attributes = {
				BuildIndependentTargetsInParallel = 1;
				LastSwiftUpdateCheck = 1600;
				LastUpgradeCheck = 1600;
				TargetAttributes = {
					269242DA2CB1C14200BCECA7 = {
						CreatedOnToolsVersion = 16.0;
					};
					269242EC2CB1C14400BCECA7 = {
						CreatedOnToolsVersion = 16.0;
						TestTargetID = 269242DA2CB1C14200BCECA7;
					};
					269242F62CB1C14400BCECA7 = {
						CreatedOnToolsVersion = 16.0;
						TestTargetID = 269242DA2CB1C14200BCECA7;
					};
				};
			};
			buildConfigurationList = 269242D62CB1C14200BCECA7 /* Build configuration list for PBXProject "DiaryAha" */;
			developmentRegion = en;
			hasScannedForEncodings = 0;
			knownRegions = (
				en,
				Base,
			);
			mainGroup = 269242D22CB1C14200BCECA7;
			minimizedProjectReferenceProxies = 1;
			preferredProjectObjectVersion = 77;
			productRefGroup = 269242DC2CB1C14200BCECA7 /* Products */;
			projectDirPath = "";
			projectRoot = "";
			targets = (
				269242DA2CB1C14200BCECA7 /* DiaryAha */,
				269242EC2CB1C14400BCECA7 /* DiaryAhaTests */,
				269242F62CB1C14400BCECA7 /* DiaryAhaUITests */,
			);
		};
/* End PBXProject section */

/* Begin PBXResourcesBuildPhase section */
		269242D92CB1C14200BCECA7 /* Resources */ = {
			isa = PBXResourcesBuildPhase;
			buildActionMask = 2147483647;
			files = (
			);
			runOnlyForDeploymentPostprocessing = 0;
		};
		269242EB2CB1C14400BCECA7 /* Resources */ = {
			isa = PBXResourcesBuildPhase;
			buildActionMask = 2147483647;
			files = (
			);
			runOnlyForDeploymentPostprocessing = 0;
		};
		269242F52CB1C14400BCECA7 /* Resources */ = {
			isa = PBXResourcesBuildPhase;
			buildActionMask = 2147483647;
			files = (
			);
			runOnlyForDeploymentPostprocessing = 0;
		};
/* End PBXResourcesBuildPhase section */

/* Begin PBXSourcesBuildPhase section */
		269242D72CB1C14200BCECA7 /* Sources */ = {
			isa = PBXSourcesBuildPhase;
			buildActionMask = 2147483647;
			files = (
			);
			runOnlyForDeploymentPostprocessing = 0;
		};
		269242E92CB1C14400BCECA7 /* Sources */ = {
			isa = PBXSourcesBuildPhase;
			buildActionMask = 2147483647;
			files = (
			);
			runOnlyForDeploymentPostprocessing = 0;
		};
		269242F32CB1C14400BCECA7 /* Sources */ = {
			isa = PBXSourcesBuildPhase;
			buildActionMask = 2147483647;
			files = (
			);
			runOnlyForDeploymentPostprocessing = 0;
		};
/* End PBXSourcesBuildPhase section */

/* Begin PBXTargetDependency section */
		269242EF2CB1C14400BCECA7 /* PBXTargetDependency */ = {
			isa = PBXTargetDependency;
			target = 269242DA2CB1C14200BCECA7 /* DiaryAha */;
			targetProxy = 269242EE2CB1C14400BCECA7 /* PBXContainerItemProxy */;
		};
		269242F92CB1C14400BCECA7 /* PBXTargetDependency */ = {
			isa = PBXTargetDependency;
			target = 269242DA2CB1C14200BCECA7 /* DiaryAha */;
			targetProxy = 269242F82CB1C14400BCECA7 /* PBXContainerItemProxy */;
		};
/* End PBXTargetDependency section */

/* Begin XCBuildConfiguration section */
		269242FF2CB1C14400BCECA7 /* Debug */ = {
			isa = XCBuildConfiguration;
			buildSettings = {
				ALWAYS_SEARCH_USER_PATHS = NO;
				ASSETCATALOG_COMPILER_GENERATE_SWIFT_ASSET_SYMBOL_EXTENSIONS = YES;
				CLANG_ANALYZER_NONNULL = YES;
				CLANG_ANALYZER_NUMBER_OBJECT_CONVERSION = YES_AGGRESSIVE;
				CLANG_CXX_LANGUAGE_STANDARD = "gnu++20";
				CLANG_ENABLE_MODULES = YES;
				CLANG_ENABLE_OBJC_ARC = YES;
				CLANG_ENABLE_OBJC_WEAK = YES;
				CLANG_WARN_BLOCK_CAPTURE_AUTORELEASING = YES;
				CLANG_WARN_BOOL_CONVERSION = YES;
				CLANG_WARN_COMMA = YES;
				CLANG_WARN_CONSTANT_CONVERSION = YES;
				CLANG_WARN_DEPRECATED_OBJC_IMPLEMENTATIONS = YES;
				CLANG_WARN_DIRECT_OBJC_ISA_USAGE = YES_ERROR;
				CLANG_WARN_DOCUMENTATION_COMMENTS = YES;
				CLANG_WARN_EMPTY_BODY = YES;
				CLANG_WARN_ENUM_CONVERSION = YES;
				CLANG_WARN_INFINITE_RECURSION = YES;
				CLANG_WARN_INT_CONVERSION = YES;
				CLANG_WARN_NON_LITERAL_NULL_CONVERSION = YES;
				CLANG_WARN_OBJC_IMPLICIT_RETAIN_SELF = YES;
				CLANG_WARN_OBJC_LITERAL_CONVERSION = YES;
				CLANG_WARN_OBJC_ROOT_CLASS = YES_ERROR;
				CLANG_WARN_QUOTED_INCLUDE_IN_FRAMEWORK_HEADER = YES;
				CLANG_WARN_RANGE_LOOP_ANALYSIS = YES;
				CLANG_WARN_STRICT_PROTOTYPES = YES;
				CLANG_WARN_SUSPICIOUS_MOVE = YES;
				CLANG_WARN_UNGUARDED_AVAILABILITY = YES_AGGRESSIVE;
				CLANG_WARN_UNREACHABLE_CODE = YES;
				CLANG_WARN__DUPLICATE_METHOD_MATCH = YES;
				COPY_PHASE_STRIP = NO;
				DEBUG_INFORMATION_FORMAT = dwarf;
				ENABLE_STRICT_OBJC_MSGSEND = YES;
				ENABLE_TESTABILITY = YES;
				ENABLE_USER_SCRIPT_SANDBOXING = YES;
				GCC_C_LANGUAGE_STANDARD = gnu17;
				GCC_DYNAMIC_NO_PIC = NO;
				GCC_NO_COMMON_BLOCKS = YES;
				GCC_OPTIMIZATION_LEVEL = 0;
				GCC_PREPROCESSOR_DEFINITIONS = (
					"DEBUG=1",
					"$(inherited)",
				);
				GCC_WARN_64_TO_32_BIT_CONVERSION = YES;
				GCC_WARN_ABOUT_RETURN_TYPE = YES_ERROR;
				GCC_WARN_UNDECLARED_SELECTOR = YES;
				GCC_WARN_UNINITIALIZED_AUTOS = YES_AGGRESSIVE;
				GCC_WARN_UNUSED_FUNCTION = YES;
				GCC_WARN_UNUSED_VARIABLE = YES;
				IPHONEOS_DEPLOYMENT_TARGET = 18.0;
				LOCALIZATION_PREFERS_STRING_CATALOGS = YES;
				MTL_ENABLE_DEBUG_INFO = INCLUDE_SOURCE;
				MTL_FAST_MATH = YES;
				ONLY_ACTIVE_ARCH = YES;
				SDKROOT = iphoneos;
				SWIFT_ACTIVE_COMPILATION_CONDITIONS = "DEBUG $(inherited)";
				SWIFT_OPTIMIZATION_LEVEL = "-Onone";
			};
			name = Debug;
		};
		269243002CB1C14400BCECA7 /* Release */ = {
			isa = XCBuildConfiguration;
			buildSettings = {
				ALWAYS_SEARCH_USER_PATHS = NO;
				ASSETCATALOG_COMPILER_GENERATE_SWIFT_ASSET_SYMBOL_EXTENSIONS = YES;
				CLANG_ANALYZER_NONNULL = YES;
				CLANG_ANALYZER_NUMBER_OBJECT_CONVERSION = YES_AGGRESSIVE;
				CLANG_CXX_LANGUAGE_STANDARD = "gnu++20";
				CLANG_ENABLE_MODULES = YES;
				CLANG_ENABLE_OBJC_ARC = YES;
				CLANG_ENABLE_OBJC_WEAK = YES;
				CLANG_WARN_BLOCK_CAPTURE_AUTORELEASING = YES;
				CLANG_WARN_BOOL_CONVERSION = YES;
				CLANG_WARN_COMMA = YES;
				CLANG_WARN_CONSTANT_CONVERSION = YES;
				CLANG_WARN_DEPRECATED_OBJC_IMPLEMENTATIONS = YES;
				CLANG_WARN_DIRECT_OBJC_ISA_USAGE = YES_ERROR;
				CLANG_WARN_DOCUMENTATION_COMMENTS = YES;
				CLANG_WARN_EMPTY_BODY = YES;
				CLANG_WARN_ENUM_CONVERSION = YES;
				CLANG_WARN_INFINITE_RECURSION = YES;
				CLANG_WARN_INT_CONVERSION = YES;
				CLANG_WARN_NON_LITERAL_NULL_CONVERSION = YES;
				CLANG_WARN_OBJC_IMPLICIT_RETAIN_SELF = YES;
				CLANG_WARN_OBJC_LITERAL_CONVERSION = YES;
				CLANG_WARN_OBJC_ROOT_CLASS = YES_ERROR;
				CLANG_WARN_QUOTED_INCLUDE_IN_FRAMEWORK_HEADER = YES;
				CLANG_WARN_RANGE_LOOP_ANALYSIS = YES;
				CLANG_WARN_STRICT_PROTOTYPES = YES;
				CLANG_WARN_SUSPICIOUS_MOVE = YES;
				CLANG_WARN_UNGUARDED_AVAILABILITY = YES_AGGRESSIVE;
				CLANG_WARN_UNREACHABLE_CODE = YES;
				CLANG_WARN__DUPLICATE_METHOD_MATCH = YES;
				COPY_PHASE_STRIP = NO;
				DEBUG_INFORMATION_FORMAT = "dwarf-with-dsym";
				ENABLE_NS_ASSERTIONS = NO;
				ENABLE_STRICT_OBJC_MSGSEND = YES;
				ENABLE_USER_SCRIPT_SANDBOXING = YES;
				GCC_C_LANGUAGE_STANDARD = gnu17;
				GCC_NO_COMMON_BLOCKS = YES;
				GCC_WARN_64_TO_32_BIT_CONVERSION = YES;
				GCC_WARN_ABOUT_RETURN_TYPE = YES_ERROR;
				GCC_WARN_UNDECLARED_SELECTOR = YES;
				GCC_WARN_UNINITIALIZED_AUTOS = YES_AGGRESSIVE;
				GCC_WARN_UNUSED_FUNCTION = YES;
				GCC_WARN_UNUSED_VARIABLE = YES;
				IPHONEOS_DEPLOYMENT_TARGET = 18.0;
				LOCALIZATION_PREFERS_STRING_CATALOGS = YES;
				MTL_ENABLE_DEBUG_INFO = NO;
				MTL_FAST_MATH = YES;
				SDKROOT = iphoneos;
				SWIFT_COMPILATION_MODE = wholemodule;
				VALIDATE_PRODUCT = YES;
			};
			name = Release;
		};
		269243022CB1C14400BCECA7 /* Debug */ = {
			isa = XCBuildConfiguration;
			buildSettings = {
				ASSETCATALOG_COMPILER_APPICON_NAME = AppIcon;
				ASSETCATALOG_COMPILER_GLOBAL_ACCENT_COLOR_NAME = "";
				CODE_SIGN_STYLE = Automatic;
				CURRENT_PROJECT_VERSION = 1;
				DEVELOPMENT_ASSET_PATHS = "\"DiaryAha/Preview Content\"";
				DEVELOPMENT_TEAM = 3VW6TFQ2X2;
				ENABLE_PREVIEWS = YES;
				GENERATE_INFOPLIST_FILE = YES;
				INFOPLIST_FILE = DiaryAha/Info.plist;
				INFOPLIST_KEY_CFBundleDisplayName = "Diary Aha!";
				INFOPLIST_KEY_UIApplicationSceneManifest_Generation = YES;
				INFOPLIST_KEY_UIApplicationSupportsIndirectInputEvents = YES;
				INFOPLIST_KEY_UISupportedInterfaceOrientations = UIInterfaceOrientationPortrait;
				IPHONEOS_DEPLOYMENT_TARGET = 18.0;
				LD_RUNPATH_SEARCH_PATHS = (
					"$(inherited)",
					"@executable_path/Frameworks",
				);
				MARKETING_VERSION = 1.0;
				PRODUCT_BUNDLE_IDENTIFIER = com.momappoki.DiaryAha;
				PRODUCT_NAME = "Diary Aha!";
				SWIFT_EMIT_LOC_STRINGS = YES;
				SWIFT_VERSION = 5.0;
				TARGETED_DEVICE_FAMILY = "1,2";
			};
			name = Debug;
		};
		269243032CB1C14400BCECA7 /* Release */ = {
			isa = XCBuildConfiguration;
			buildSettings = {
				ASSETCATALOG_COMPILER_APPICON_NAME = AppIcon;
				ASSETCATALOG_COMPILER_GLOBAL_ACCENT_COLOR_NAME = "";
				CODE_SIGN_STYLE = Automatic;
				CURRENT_PROJECT_VERSION = 1;
				DEVELOPMENT_ASSET_PATHS = "\"DiaryAha/Preview Content\"";
				DEVELOPMENT_TEAM = 3VW6TFQ2X2;
				ENABLE_PREVIEWS = YES;
				GENERATE_INFOPLIST_FILE = YES;
				INFOPLIST_FILE = DiaryAha/Info.plist;
				INFOPLIST_KEY_CFBundleDisplayName = "Diary Aha!";
				INFOPLIST_KEY_UIApplicationSceneManifest_Generation = YES;
				INFOPLIST_KEY_UIApplicationSupportsIndirectInputEvents = YES;
				INFOPLIST_KEY_UISupportedInterfaceOrientations = UIInterfaceOrientationPortrait;
				IPHONEOS_DEPLOYMENT_TARGET = 18.0;
				LD_RUNPATH_SEARCH_PATHS = (
					"$(inherited)",
					"@executable_path/Frameworks",
				);
				MARKETING_VERSION = 1.0;
				PRODUCT_BUNDLE_IDENTIFIER = com.momappoki.DiaryAha;
				PRODUCT_NAME = "Diary Aha!";
				SWIFT_EMIT_LOC_STRINGS = YES;
				SWIFT_VERSION = 5.0;
				TARGETED_DEVICE_FAMILY = "1,2";
			};
			name = Release;
		};
		269243052CB1C14400BCECA7 /* Debug */ = {
			isa = XCBuildConfiguration;
			buildSettings = {
				BUNDLE_LOADER = "$(TEST_HOST)";
				CODE_SIGN_STYLE = Automatic;
				CURRENT_PROJECT_VERSION = 1;
				GENERATE_INFOPLIST_FILE = YES;
				IPHONEOS_DEPLOYMENT_TARGET = 18.0;
				MARKETING_VERSION = 1.0;
				PRODUCT_BUNDLE_IDENTIFIER = com.momappoki.DiaryAhaTests;
				PRODUCT_NAME = "$(TARGET_NAME)";
				SWIFT_EMIT_LOC_STRINGS = NO;
				SWIFT_VERSION = 5.0;
				TARGETED_DEVICE_FAMILY = "1,2";
				TEST_HOST = "$(BUILT_PRODUCTS_DIR)/DiaryAha.app/$(BUNDLE_EXECUTABLE_FOLDER_PATH)/DiaryAha";
			};
			name = Debug;
		};
		269243062CB1C14400BCECA7 /* Release */ = {
			isa = XCBuildConfiguration;
			buildSettings = {
				BUNDLE_LOADER = "$(TEST_HOST)";
				CODE_SIGN_STYLE = Automatic;
				CURRENT_PROJECT_VERSION = 1;
				GENERATE_INFOPLIST_FILE = YES;
				IPHONEOS_DEPLOYMENT_TARGET = 18.0;
				MARKETING_VERSION = 1.0;
				PRODUCT_BUNDLE_IDENTIFIER = com.momappoki.DiaryAhaTests;
				PRODUCT_NAME = "$(TARGET_NAME)";
				SWIFT_EMIT_LOC_STRINGS = NO;
				SWIFT_VERSION = 5.0;
				TARGETED_DEVICE_FAMILY = "1,2";
				TEST_HOST = "$(BUILT_PRODUCTS_DIR)/DiaryAha.app/$(BUNDLE_EXECUTABLE_FOLDER_PATH)/DiaryAha";
			};
			name = Release;
		};
		269243082CB1C14400BCECA7 /* Debug */ = {
			isa = XCBuildConfiguration;
			buildSettings = {
				CODE_SIGN_STYLE = Automatic;
				CURRENT_PROJECT_VERSION = 1;
				GENERATE_INFOPLIST_FILE = YES;
				MARKETING_VERSION = 1.0;
				PRODUCT_BUNDLE_IDENTIFIER = com.momappoki.DiaryAhaUITests;
				PRODUCT_NAME = "$(TARGET_NAME)";
				SWIFT_EMIT_LOC_STRINGS = NO;
				SWIFT_VERSION = 5.0;
				TARGETED_DEVICE_FAMILY = "1,2";
				TEST_TARGET_NAME = DiaryAha;
			};
			name = Debug;
		};
		269243092CB1C14400BCECA7 /* Release */ = {
			isa = XCBuildConfiguration;
			buildSettings = {
				CODE_SIGN_STYLE = Automatic;
				CURRENT_PROJECT_VERSION = 1;
				GENERATE_INFOPLIST_FILE = YES;
				MARKETING_VERSION = 1.0;
				PRODUCT_BUNDLE_IDENTIFIER = com.momappoki.DiaryAhaUITests;
				PRODUCT_NAME = "$(TARGET_NAME)";
				SWIFT_EMIT_LOC_STRINGS = NO;
				SWIFT_VERSION = 5.0;
				TARGETED_DEVICE_FAMILY = "1,2";
				TEST_TARGET_NAME = DiaryAha;
			};
			name = Release;
		};
/* End XCBuildConfiguration section */

/* Begin XCConfigurationList section */
		269242D62CB1C14200BCECA7 /* Build configuration list for PBXProject "DiaryAha" */ = {
			isa = XCConfigurationList;
			buildConfigurations = (
				269242FF2CB1C14400BCECA7 /* Debug */,
				269243002CB1C14400BCECA7 /* Release */,
			);
			defaultConfigurationIsVisible = 0;
			defaultConfigurationName = Release;
		};
		269243012CB1C14400BCECA7 /* Build configuration list for PBXNativeTarget "DiaryAha" */ = {
			isa = XCConfigurationList;
			buildConfigurations = (
				269243022CB1C14400BCECA7 /* Debug */,
				269243032CB1C14400BCECA7 /* Release */,
			);
			defaultConfigurationIsVisible = 0;
			defaultConfigurationName = Release;
		};
		269243042CB1C14400BCECA7 /* Build configuration list for PBXNativeTarget "DiaryAhaTests" */ = {
			isa = XCConfigurationList;
			buildConfigurations = (
				269243052CB1C14400BCECA7 /* Debug */,
				269243062CB1C14400BCECA7 /* Release */,
			);
			defaultConfigurationIsVisible = 0;
			defaultConfigurationName = Release;
		};
		269243072CB1C14400BCECA7 /* Build configuration list for PBXNativeTarget "DiaryAhaUITests" */ = {
			isa = XCConfigurationList;
			buildConfigurations = (
				269243082CB1C14400BCECA7 /* Debug */,
				269243092CB1C14400BCECA7 /* Release */,
			);
			defaultConfigurationIsVisible = 0;
			defaultConfigurationName = Release;
		};
/* End XCConfigurationList section */
	};
	rootObject = 269242D32CB1C14200BCECA7 /* Project object */;
}
